
Microsoft Visual Studio Solution File, Format Version 12.00
# Visual Studio Version 16
VisualStudioVersion = 16.0.31105.61
MinimumVisualStudioVersion = 10.0.40219.1
Project("{FAE04EC0-301F-11D3-BF4B-00C04F79EFBC}") = "exercises", "exercises\exercises.csproj", "{99A3FC17-05F3-4011-AA74-E564D9293979}"
EndProject
Global
	GlobalSection(SolutionConfigurationPlatforms) = preSolution
		Debug|Any CPU = Debug|Any CPU
		Release|Any CPU = Release|Any CPU
	EndGlobalSection
	GlobalSection(ProjectConfigurationPlatforms) = postSolution
		{99A3FC17-05F3-4011-AA74-E564D9293979}.Debug|Any CPU.ActiveCfg = Debug|Any CPU
		{99A3FC17-05F3-4011-AA74-E564D9293979}.Debug|Any CPU.Build.0 = Debug|Any CPU
		{99A3FC17-05F3-4011-AA74-E564D9293979}.Release|Any CPU.ActiveCfg = Release|Any CPU
		{99A3FC17-05F3-4011-AA74-E564D9293979}.Release|Any CPU.Build.0 = Release|Any CPU
	EndGlobalSection
	GlobalSection(SolutionProperties) = preSolution
		HideSolutionNode = FALSE
	EndGlobalSection
	GlobalSection(ExtensibilityGlobals) = postSolution
		SolutionGuid = {C00F8B9E-4C9F-4CBB-AD8F-42D21153230C}
	EndGlobalSection
EndGlobal
